
Microsoft Visual Studio Solution File, Format Version 12.00
# Visual Studio Version 17
VisualStudioVersion = 17.2.32519.379
MinimumVisualStudioVersion = 10.0.40219.1
Project("{FAE04EC0-301F-11D3-BF4B-00C04F79EFBC}") = "Pokemon", "Pokemon.csproj", "{EF2381EF-51F3-4AA5-92E3-B671F22B921B}"
EndProject
Global
	GlobalSection(SolutionConfigurationPlatforms) = preSolution
		Debug|Any CPU = Debug|Any CPU
		Release|Any CPU = Release|Any CPU
	EndGlobalSection
	GlobalSection(ProjectConfigurationPlatforms) = postSolution
		{EF2381EF-51F3-4AA5-92E3-B671F22B921B}.Debug|Any CPU.ActiveCfg = Debug|Any CPU
		{EF2381EF-51F3-4AA5-92E3-B671F22B921B}.Debug|Any CPU.Build.0 = Debug|Any CPU
		{EF2381EF-51F3-4AA5-92E3-B671F22B921B}.Release|Any CPU.ActiveCfg = Release|Any CPU
		{EF2381EF-51F3-4AA5-92E3-B671F22B921B}.Release|Any CPU.Build.0 = Release|Any CPU
	EndGlobalSection
	GlobalSection(SolutionProperties) = preSolution
		HideSolutionNode = FALSE
	EndGlobalSection
	GlobalSection(ExtensibilityGlobals) = postSolution
		SolutionGuid = {7EC91AA6-FC2C-41EE-A272-73C51133080F}
	EndGlobalSection
EndGlobal
